
Microsoft Visual Studio Solution File, Format Version 12.00
# Visual Studio 15
VisualStudioVersion = 15.0.27004.2008
MinimumVisualStudioVersion = 10.0.40219.1
Project("{FAE04EC0-301F-11D3-BF4B-00C04F79EFBC}") = "AspNetVS2017.Capitulo01.Variaveis", "AspNetVS2017.Capitulo01.Variaveis\AspNetVS2017.Capitulo01.Variaveis.csproj", "{EF023B28-DD95-4D93-9CC2-200E4C938154}"
EndProject
Project("{FAE04EC0-301F-11D3-BF4B-00C04F79EFBC}") = "AspNetVS2017.Capitulo01.Troco", "AspNetVS2017.Capitulo01.Troco\AspNetVS2017.Capitulo01.Troco.csproj", "{153907CD-C05E-41CC-A352-BC52ACF47261}"
EndProject
Project("{FAE04EC0-301F-11D3-BF4B-00C04F79EFBC}") = "AspNetVS2017.Capitulo01.Fretes", "AspNetVS2017.Capitulo01.Fretes\AspNetVS2017.Capitulo01.Fretes.csproj", "{F43562EF-AEC6-4BF3-A342-E17914BF7BF9}"
EndProject
Project("{FAE04EC0-301F-11D3-BF4B-00C04F79EFBC}") = "AspNetVS2017.Capitulo01.Repeticao.Testes", "AspNetVS2017.Capitulo01.Repeticao.Testes\AspNetVS2017.Capitulo01.Repeticao.Testes.csproj", "{F47A1DB3-BC4C-406C-9F69-9CEA922E3110}"
EndProject
Project("{FAE04EC0-301F-11D3-BF4B-00C04F79EFBC}") = "AspNetVS2017.Capitulo01.VetoresColecoes.Testes", "AspNetVS2017.Capitulo01.VetoresColecoes.Testes\AspNetVS2017.Capitulo01.VetoresColecoes.Testes.csproj", "{579516BB-FE4B-442F-8E69-8C5587A3809C}"
EndProject
Global
	GlobalSection(SolutionConfigurationPlatforms) = preSolution
		Debug|Any CPU = Debug|Any CPU
		Release|Any CPU = Release|Any CPU
	EndGlobalSection
	GlobalSection(ProjectConfigurationPlatforms) = postSolution
		{EF023B28-DD95-4D93-9CC2-200E4C938154}.Debug|Any CPU.ActiveCfg = Debug|Any CPU
		{EF023B28-DD95-4D93-9CC2-200E4C938154}.Debug|Any CPU.Build.0 = Debug|Any CPU
		{EF023B28-DD95-4D93-9CC2-200E4C938154}.Release|Any CPU.ActiveCfg = Release|Any CPU
		{EF023B28-DD95-4D93-9CC2-200E4C938154}.Release|Any CPU.Build.0 = Release|Any CPU
		{153907CD-C05E-41CC-A352-BC52ACF47261}.Debug|Any CPU.ActiveCfg = Debug|Any CPU
		{153907CD-C05E-41CC-A352-BC52ACF47261}.Debug|Any CPU.Build.0 = Debug|Any CPU
		{153907CD-C05E-41CC-A352-BC52ACF47261}.Release|Any CPU.ActiveCfg = Release|Any CPU
		{153907CD-C05E-41CC-A352-BC52ACF47261}.Release|Any CPU.Build.0 = Release|Any CPU
		{F43562EF-AEC6-4BF3-A342-E17914BF7BF9}.Debug|Any CPU.ActiveCfg = Debug|Any CPU
		{F43562EF-AEC6-4BF3-A342-E17914BF7BF9}.Debug|Any CPU.Build.0 = Debug|Any CPU
		{F43562EF-AEC6-4BF3-A342-E17914BF7BF9}.Release|Any CPU.ActiveCfg = Release|Any CPU
		{F43562EF-AEC6-4BF3-A342-E17914BF7BF9}.Release|Any CPU.Build.0 = Release|Any CPU
		{F47A1DB3-BC4C-406C-9F69-9CEA922E3110}.Debug|Any CPU.ActiveCfg = Debug|Any CPU
		{F47A1DB3-BC4C-406C-9F69-9CEA922E3110}.Debug|Any CPU.Build.0 = Debug|Any CPU
		{F47A1DB3-BC4C-406C-9F69-9CEA922E3110}.Release|Any CPU.ActiveCfg = Release|Any CPU
		{F47A1DB3-BC4C-406C-9F69-9CEA922E3110}.Release|Any CPU.Build.0 = Release|Any CPU
		{579516BB-FE4B-442F-8E69-8C5587A3809C}.Debug|Any CPU.ActiveCfg = Debug|Any CPU
		{579516BB-FE4B-442F-8E69-8C5587A3809C}.Debug|Any CPU.Build.0 = Debug|Any CPU
		{579516BB-FE4B-442F-8E69-8C5587A3809C}.Release|Any CPU.ActiveCfg = Release|Any CPU
		{579516BB-FE4B-442F-8E69-8C5587A3809C}.Release|Any CPU.Build.0 = Release|Any CPU
	EndGlobalSection
	GlobalSection(SolutionProperties) = preSolution
		HideSolutionNode = FALSE
	EndGlobalSection
	GlobalSection(ExtensibilityGlobals) = postSolution
		SolutionGuid = {963514C4-F551-4EE8-82FD-2959D4E9C4AA}
	EndGlobalSection
EndGlobal
